
Microsoft Visual Studio Solution File, Format Version 12.00
# Visual Studio Version 17
VisualStudioVersion = 17.11.35312.102
MinimumVisualStudioVersion = 10.0.40219.1
Project("{FAE04EC0-301F-11D3-BF4B-00C04F79EFBC}") = "Lab4_5-2prog", "Lab4_5-2prog.csproj", "{555672EF-0DA8-4E2C-9CE2-89C63B983753}"
EndProject
Global
	GlobalSection(SolutionConfigurationPlatforms) = preSolution
		Debug|Any CPU = Debug|Any CPU
		Release|Any CPU = Release|Any CPU
	EndGlobalSection
	GlobalSection(ProjectConfigurationPlatforms) = postSolution
		{555672EF-0DA8-4E2C-9CE2-89C63B983753}.Debug|Any CPU.ActiveCfg = Debug|Any CPU
		{555672EF-0DA8-4E2C-9CE2-89C63B983753}.Debug|Any CPU.Build.0 = Debug|Any CPU
		{555672EF-0DA8-4E2C-9CE2-89C63B983753}.Release|Any CPU.ActiveCfg = Release|Any CPU
		{555672EF-0DA8-4E2C-9CE2-89C63B983753}.Release|Any CPU.Build.0 = Release|Any CPU
	EndGlobalSection
	GlobalSection(SolutionProperties) = preSolution
		HideSolutionNode = FALSE
	EndGlobalSection
	GlobalSection(ExtensibilityGlobals) = postSolution
		SolutionGuid = {B4E8516E-8A4C-4194-915E-9077F1DC4B22}
	EndGlobalSection
EndGlobal
